Microsoft Visual Studio Solution File, Format Version 11.00
# Visual Studio 2008

Project("{0D342A79-C78D-BB1E-8885-D23AF0C24A8A}") = "VittorioCamilleriSpaceInvaders", "Assembly-CSharp.csproj", "{5B3C3AA8-63B2-FA00-D9DB-AE016F00031D}"
EndProject
Project("{0D342A79-C78D-BB1E-8885-D23AF0C24A8A}") = "VittorioCamilleriSpaceInvaders", "Assembly-UnityScript.unityproj", "{1D451833-1E70-131E-D0FB-3CBC49E9B6D7}"
EndProject
Global
	GlobalSection(SolutionConfigurationPlatforms) = preSolution
		Debug|Any CPU = Debug|Any CPU
		Release|Any CPU = Release|Any CPU
	EndGlobalSection
	GlobalSection(ProjectConfigurationPlatforms) = postSolution
		{5B3C3AA8-63B2-FA00-D9DB-AE016F00031D}.Debug|Any CPU.ActiveCfg = Debug|Any CPU
		{5B3C3AA8-63B2-FA00-D9DB-AE016F00031D}.Debug|Any CPU.Build.0 = Debug|Any CPU
		{5B3C3AA8-63B2-FA00-D9DB-AE016F00031D}.Release|Any CPU.ActiveCfg = Release|Any CPU
		{5B3C3AA8-63B2-FA00-D9DB-AE016F00031D}.Release|Any CPU.Build.0 = Release|Any CPU
		{1D451833-1E70-131E-D0FB-3CBC49E9B6D7}.Debug|Any CPU.ActiveCfg = Debug|Any CPU
		{1D451833-1E70-131E-D0FB-3CBC49E9B6D7}.Debug|Any CPU.Build.0 = Debug|Any CPU
		{1D451833-1E70-131E-D0FB-3CBC49E9B6D7}.Release|Any CPU.ActiveCfg = Release|Any CPU
		{1D451833-1E70-131E-D0FB-3CBC49E9B6D7}.Release|Any CPU.Build.0 = Release|Any CPU
	EndGlobalSection
	GlobalSection(SolutionProperties) = preSolution
		HideSolutionNode = FALSE
	EndGlobalSection
																																																																																																																		GlobalSection(MonoDevelopProperties) = preSolution
		StartupItem = Assembly-CSharp.csproj
		Policies = $0
		$0.TextStylePolicy = $1
		$1.inheritsSet = null
		$1.scope = text/x-csharp
		$0.CSharpFormattingPolicy = $2
		$2.inheritsSet = Mono
		$2.inheritsScope = text/x-csharp
		$2.scope = text/x-csharp
		$0.TextStylePolicy = $3
		$3.FileWidth = 120
		$3.TabWidth = 4
		$3.EolMarker = Unix
		$3.inheritsSet = Mono
		$3.inheritsScope = text/plain
		$3.scope = text/plain
	EndGlobalSection

EndGlobal
